
Microsoft Visual Studio Solution File, Format Version 12.00
# Visual Studio 15
VisualStudioVersion = 15.0.27130.2027
MinimumVisualStudioVersion = 10.0.40219.1
Project("{FAE04EC0-301F-11D3-BF4B-00C04F79EFBC}") = "HiveKeeper.Android", "HiveKeeper\HiveKeeper.Android\HiveKeeper.Android.csproj", "{5393A687-696A-4550-A3C6-691A1F114152}"
EndProject
Project("{FAE04EC0-301F-11D3-BF4B-00C04F79EFBC}") = "HiveKeeper.iOS", "HiveKeeper\HiveKeeper.iOS\HiveKeeper.iOS.csproj", "{59F54C0D-5A98-4160-8C00-CAC0D9EC5FC4}"
EndProject
Project("{FAE04EC0-301F-11D3-BF4B-00C04F79EFBC}") = "HiveKeeper.UWP", "HiveKeeper\HiveKeeper.UWP\HiveKeeper.UWP.csproj", "{01F62817-1DA0-4972-907F-EEAA04CC3BA4}"
EndProject
Project("{D954291E-2A0B-460D-934E-DC6B0785DB48}") = "HiveKeeper", "HiveKeeper\HiveKeeper\HiveKeeper.shproj", "{ADAFF75A-0CF9-423A-9E84-5F591EA796E6}"
EndProject
Global
	GlobalSection(SharedMSBuildProjectFiles) = preSolution
		HiveKeeper\HiveKeeper\HiveKeeper.projitems*{01f62817-1da0-4972-907f-eeaa04cc3ba4}*SharedItemsImports = 4
		HiveKeeper\HiveKeeper\HiveKeeper.projitems*{5393a687-696a-4550-a3c6-691a1f114152}*SharedItemsImports = 4
		HiveKeeper\HiveKeeper\HiveKeeper.projitems*{59f54c0d-5a98-4160-8c00-cac0d9ec5fc4}*SharedItemsImports = 4
		HiveKeeper\HiveKeeper\HiveKeeper.projitems*{adaff75a-0cf9-423a-9e84-5f591ea796e6}*SharedItemsImports = 13
	EndGlobalSection
	GlobalSection(SolutionConfigurationPlatforms) = preSolution
		Ad-Hoc|Any CPU = Ad-Hoc|Any CPU
		Ad-Hoc|ARM = Ad-Hoc|ARM
		Ad-Hoc|iPhone = Ad-Hoc|iPhone
		Ad-Hoc|iPhoneSimulator = Ad-Hoc|iPhoneSimulator
		Ad-Hoc|x64 = Ad-Hoc|x64
		Ad-Hoc|x86 = Ad-Hoc|x86
		AppStore|Any CPU = AppStore|Any CPU
		AppStore|ARM = AppStore|ARM
		AppStore|iPhone = AppStore|iPhone
		AppStore|iPhoneSimulator = AppStore|iPhoneSimulator
		AppStore|x64 = AppStore|x64
		AppStore|x86 = AppStore|x86
		Debug|Any CPU = Debug|Any CPU
		Debug|ARM = Debug|ARM
		Debug|iPhone = Debug|iPhone
		Debug|iPhoneSimulator = Debug|iPhoneSimulator
		Debug|x64 = Debug|x64
		Debug|x86 = Debug|x86
		Release|Any CPU = Release|Any CPU
		Release|ARM = Release|ARM
		Release|iPhone = Release|iPhone
		Release|iPhoneSimulator = Release|iPhoneSimulator
		Release|x64 = Release|x64
		Release|x86 = Release|x86
	EndGlobalSection
	GlobalSection(ProjectConfigurationPlatforms) = postSolution
		{5393A687-696A-4550-A3C6-691A1F114152}.Ad-Hoc|Any CPU.ActiveCfg = Release|Any CPU
		{5393A687-696A-4550-A3C6-691A1F114152}.Ad-Hoc|Any CPU.Build.0 = Release|Any CPU
		{5393A687-696A-4550-A3C6-691A1F114152}.Ad-Hoc|Any CPU.Deploy.0 = Release|Any CPU
		{5393A687-696A-4550-A3C6-691A1F114152}.Ad-Hoc|ARM.ActiveCfg = Release|Any CPU
		{5393A687-696A-4550-A3C6-691A1F114152}.Ad-Hoc|ARM.Build.0 = Release|Any CPU
		{5393A687-696A-4550-A3C6-691A1F114152}.Ad-Hoc|ARM.Deploy.0 = Release|Any CPU
		{5393A687-696A-4550-A3C6-691A1F114152}.Ad-Hoc|iPhone.ActiveCfg = Release|Any CPU
		{5393A687-696A-4550-A3C6-691A1F114152}.Ad-Hoc|iPhone.Build.0 = Release|Any CPU
		{5393A687-696A-4550-A3C6-691A1F114152}.Ad-Hoc|iPhone.Deploy.0 = Release|Any CPU
		{5393A687-696A-4550-A3C6-691A1F114152}.Ad-Hoc|iPhoneSimulator.ActiveCfg = Release|Any CPU
		{5393A687-696A-4550-A3C6-691A1F114152}.Ad-Hoc|iPhoneSimulator.Build.0 = Release|Any CPU
		{5393A687-696A-4550-A3C6-691A1F114152}.Ad-Hoc|iPhoneSimulator.Deploy.0 = Release|Any CPU
		{5393A687-696A-4550-A3C6-691A1F114152}.Ad-Hoc|x64.ActiveCfg = Release|Any CPU
		{5393A687-696A-4550-A3C6-691A1F114152}.Ad-Hoc|x64.Build.0 = Release|Any CPU
		{5393A687-696A-4550-A3C6-691A1F114152}.Ad-Hoc|x64.Deploy.0 = Release|Any CPU
		{5393A687-696A-4550-A3C6-691A1F114152}.Ad-Hoc|x86.ActiveCfg = Release|Any CPU
		{5393A687-696A-4550-A3C6-691A1F114152}.Ad-Hoc|x86.Build.0 = Release|Any CPU
		{5393A687-696A-4550-A3C6-691A1F114152}.Ad-Hoc|x86.Deploy.0 = Release|Any CPU
		{5393A687-696A-4550-A3C6-691A1F114152}.AppStore|Any CPU.ActiveCfg = Release|Any CPU
		{5393A687-696A-4550-A3C6-691A1F114152}.AppStore|Any CPU.Build.0 = Release|Any CPU
		{5393A687-696A-4550-A3C6-691A1F114152}.AppStore|Any CPU.Deploy.0 = Release|Any CPU
		{5393A687-696A-4550-A3C6-691A1F114152}.AppStore|ARM.ActiveCfg = Release|Any CPU
		{5393A687-696A-4550-A3C6-691A1F114152}.AppStore|ARM.Build.0 = Release|Any CPU
		{5393A687-696A-4550-A3C6-691A1F114152}.AppStore|ARM.Deploy.0 = Release|Any CPU
		{5393A687-696A-4550-A3C6-691A1F114152}.AppStore|iPhone.ActiveCfg = Release|Any CPU
		{5393A687-696A-4550-A3C6-691A1F114152}.AppStore|iPhone.Build.0 = Release|Any CPU
		{5393A687-696A-4550-A3C6-691A1F114152}.AppStore|iPhone.Deploy.0 = Release|Any CPU
		{5393A687-696A-4550-A3C6-691A1F114152}.AppStore|iPhoneSimulator.ActiveCfg = Release|Any CPU
		{5393A687-696A-4550-A3C6-691A1F114152}.AppStore|iPhoneSimulator.Build.0 = Release|Any CPU
		{5393A687-696A-4550-A3C6-691A1F114152}.AppStore|iPhoneSimulator.Deploy.0 = Release|Any CPU
		{5393A687-696A-4550-A3C6-691A1F114152}.AppStore|x64.ActiveCfg = Release|Any CPU
		{5393A687-696A-4550-A3C6-691A1F114152}.AppStore|x64.Build.0 = Release|Any CPU
		{5393A687-696A-4550-A3C6-691A1F114152}.AppStore|x64.Deploy.0 = Release|Any CPU
		{5393A687-696A-4550-A3C6-691A1F114152}.AppStore|x86.ActiveCfg = Release|Any CPU
		{5393A687-696A-4550-A3C6-691A1F114152}.AppStore|x86.Build.0 = Release|Any CPU
		{5393A687-696A-4550-A3C6-691A1F114152}.AppStore|x86.Deploy.0 = Release|Any CPU
		{5393A687-696A-4550-A3C6-691A1F114152}.Debug|Any CPU.ActiveCfg = Debug|Any CPU
		{5393A687-696A-4550-A3C6-691A1F114152}.Debug|Any CPU.Build.0 = Debug|Any CPU
		{5393A687-696A-4550-A3C6-691A1F114152}.Debug|Any CPU.Deploy.0 = Debug|Any CPU
		{5393A687-696A-4550-A3C6-691A1F114152}.Debug|ARM.ActiveCfg = Debug|Any CPU
		{5393A687-696A-4550-A3C6-691A1F114152}.Debug|ARM.Build.0 = Debug|Any CPU
		{5393A687-696A-4550-A3C6-691A1F114152}.Debug|ARM.Deploy.0 = Debug|Any CPU
		{5393A687-696A-4550-A3C6-691A1F114152}.Debug|iPhone.ActiveCfg = Debug|Any CPU
		{5393A687-696A-4550-A3C6-691A1F114152}.Debug|iPhone.Build.0 = Debug|Any CPU
		{5393A687-696A-4550-A3C6-691A1F114152}.Debug|iPhone.Deploy.0 = Debug|Any CPU
		{5393A687-696A-4550-A3C6-691A1F114152}.Debug|iPhoneSimulator.ActiveCfg = Debug|Any CPU
		{5393A687-696A-4550-A3C6-691A1F114152}.Debug|iPhoneSimulator.Build.0 = Debug|Any CPU
		{5393A687-696A-4550-A3C6-691A1F114152}.Debug|iPhoneSimulator.Deploy.0 = Debug|Any CPU
		{5393A687-696A-4550-A3C6-691A1F114152}.Debug|x64.ActiveCfg = Debug|Any CPU
		{5393A687-696A-4550-A3C6-691A1F114152}.Debug|x64.Build.0 = Debug|Any CPU
		{5393A687-696A-4550-A3C6-691A1F114152}.Debug|x64.Deploy.0 = Debug|Any CPU
		{5393A687-696A-4550-A3C6-691A1F114152}.Debug|x86.ActiveCfg = Debug|Any CPU
		{5393A687-696A-4550-A3C6-691A1F114152}.Debug|x86.Build.0 = Debug|Any CPU
		{5393A687-696A-4550-A3C6-691A1F114152}.Debug|x86.Deploy.0 = Debug|Any CPU
		{5393A687-696A-4550-A3C6-691A1F114152}.Release|Any CPU.ActiveCfg = Release|Any CPU
		{5393A687-696A-4550-A3C6-691A1F114152}.Release|Any CPU.Build.0 = Release|Any CPU
		{5393A687-696A-4550-A3C6-691A1F114152}.Release|Any CPU.Deploy.0 = Release|Any CPU
		{5393A687-696A-4550-A3C6-691A1F114152}.Release|ARM.ActiveCfg = Release|Any CPU
		{5393A687-696A-4550-A3C6-691A1F114152}.Release|ARM.Build.0 = Release|Any CPU
		{5393A687-696A-4550-A3C6-691A1F114152}.Release|ARM.Deploy.0 = Release|Any CPU
		{5393A687-696A-4550-A3C6-691A1F114152}.Release|iPhone.ActiveCfg = Release|Any CPU
		{5393A687-696A-4550-A3C6-691A1F114152}.Release|iPhone.Build.0 = Release|Any CPU
		{5393A687-696A-4550-A3C6-691A1F114152}.Release|iPhone.Deploy.0 = Release|Any CPU
		{5393A687-696A-4550-A3C6-691A1F114152}.Release|iPhoneSimulator.ActiveCfg = Release|Any CPU
		{5393A687-696A-4550-A3C6-691A1F114152}.Release|iPhoneSimulator.Build.0 = Release|Any CPU
		{5393A687-696A-4550-A3C6-691A1F114152}.Release|iPhoneSimulator.Deploy.0 = Release|Any CPU
		{5393A687-696A-4550-A3C6-691A1F114152}.Release|x64.ActiveCfg = Release|Any CPU
		{5393A687-696A-4550-A3C6-691A1F114152}.Release|x64.Build.0 = Release|Any CPU
		{5393A687-696A-4550-A3C6-691A1F114152}.Release|x64.Deploy.0 = Release|Any CPU
		{5393A687-696A-4550-A3C6-691A1F114152}.Release|x86.ActiveCfg = Release|Any CPU
		{5393A687-696A-4550-A3C6-691A1F114152}.Release|x86.Build.0 = Release|Any CPU
		{5393A687-696A-4550-A3C6-691A1F114152}.Release|x86.Deploy.0 = Release|Any CPU
		{59F54C0D-5A98-4160-8C00-CAC0D9EC5FC4}.Ad-Hoc|Any CPU.ActiveCfg = Ad-Hoc|iPhone
		{59F54C0D-5A98-4160-8C00-CAC0D9EC5FC4}.Ad-Hoc|ARM.ActiveCfg = Ad-Hoc|iPhone
		{59F54C0D-5A98-4160-8C00-CAC0D9EC5FC4}.Ad-Hoc|iPhone.ActiveCfg = Ad-Hoc|iPhone
		{59F54C0D-5A98-4160-8C00-CAC0D9EC5FC4}.Ad-Hoc|iPhone.Build.0 = Ad-Hoc|iPhone
		{59F54C0D-5A98-4160-8C00-CAC0D9EC5FC4}.Ad-Hoc|iPhoneSimulator.ActiveCfg = Ad-Hoc|iPhoneSimulator
		{59F54C0D-5A98-4160-8C00-CAC0D9EC5FC4}.Ad-Hoc|iPhoneSimulator.Build.0 = Ad-Hoc|iPhoneSimulator
		{59F54C0D-5A98-4160-8C00-CAC0D9EC5FC4}.Ad-Hoc|x64.ActiveCfg = Ad-Hoc|iPhone
		{59F54C0D-5A98-4160-8C00-CAC0D9EC5FC4}.Ad-Hoc|x86.ActiveCfg = Ad-Hoc|iPhone
		{59F54C0D-5A98-4160-8C00-CAC0D9EC5FC4}.AppStore|Any CPU.ActiveCfg = AppStore|iPhone
		{59F54C0D-5A98-4160-8C00-CAC0D9EC5FC4}.AppStore|ARM.ActiveCfg = AppStore|iPhone
		{59F54C0D-5A98-4160-8C00-CAC0D9EC5FC4}.AppStore|iPhone.ActiveCfg = AppStore|iPhone
		{59F54C0D-5A98-4160-8C00-CAC0D9EC5FC4}.AppStore|iPhone.Build.0 = AppStore|iPhone
		{59F54C0D-5A98-4160-8C00-CAC0D9EC5FC4}.AppStore|iPhoneSimulator.ActiveCfg = AppStore|iPhoneSimulator
		{59F54C0D-5A98-4160-8C00-CAC0D9EC5FC4}.AppStore|iPhoneSimulator.Build.0 = AppStore|iPhoneSimulator
		{59F54C0D-5A98-4160-8C00-CAC0D9EC5FC4}.AppStore|x64.ActiveCfg = AppStore|iPhone
		{59F54C0D-5A98-4160-8C00-CAC0D9EC5FC4}.AppStore|x86.ActiveCfg = AppStore|iPhone
		{59F54C0D-5A98-4160-8C00-CAC0D9EC5FC4}.Debug|Any CPU.ActiveCfg = Debug|iPhone
		{59F54C0D-5A98-4160-8C00-CAC0D9EC5FC4}.Debug|ARM.ActiveCfg = Debug|iPhone
		{59F54C0D-5A98-4160-8C00-CAC0D9EC5FC4}.Debug|iPhone.ActiveCfg = Debug|iPhone
		{59F54C0D-5A98-4160-8C00-CAC0D9EC5FC4}.Debug|iPhone.Build.0 = Debug|iPhone
		{59F54C0D-5A98-4160-8C00-CAC0D9EC5FC4}.Debug|iPhoneSimulator.ActiveCfg = Debug|iPhoneSimulator
		{59F54C0D-5A98-4160-8C00-CAC0D9EC5FC4}.Debug|iPhoneSimulator.Build.0 = Debug|iPhoneSimulator
		{59F54C0D-5A98-4160-8C00-CAC0D9EC5FC4}.Debug|x64.ActiveCfg = Debug|iPhone
		{59F54C0D-5A98-4160-8C00-CAC0D9EC5FC4}.Debug|x86.ActiveCfg = Debug|iPhone
		{59F54C0D-5A98-4160-8C00-CAC0D9EC5FC4}.Release|Any CPU.ActiveCfg = Release|iPhone
		{59F54C0D-5A98-4160-8C00-CAC0D9EC5FC4}.Release|ARM.ActiveCfg = Release|iPhone
		{59F54C0D-5A98-4160-8C00-CAC0D9EC5FC4}.Release|iPhone.ActiveCfg = Release|iPhone
		{59F54C0D-5A98-4160-8C00-CAC0D9EC5FC4}.Release|iPhone.Build.0 = Release|iPhone
		{59F54C0D-5A98-4160-8C00-CAC0D9EC5FC4}.Release|iPhoneSimulator.ActiveCfg = Release|iPhoneSimulator
		{59F54C0D-5A98-4160-8C00-CAC0D9EC5FC4}.Release|iPhoneSimulator.Build.0 = Release|iPhoneSimulator
		{59F54C0D-5A98-4160-8C00-CAC0D9EC5FC4}.Release|x64.ActiveCfg = Release|iPhone
		{59F54C0D-5A98-4160-8C00-CAC0D9EC5FC4}.Release|x86.ActiveCfg = Release|iPhone
		{01F62817-1DA0-4972-907F-EEAA04CC3BA4}.Ad-Hoc|Any CPU.ActiveCfg = Release|x86
		{01F62817-1DA0-4972-907F-EEAA04CC3BA4}.Ad-Hoc|Any CPU.Build.0 = Release|x86
		{01F62817-1DA0-4972-907F-EEAA04CC3BA4}.Ad-Hoc|Any CPU.Deploy.0 = Release|x86
		{01F62817-1DA0-4972-907F-EEAA04CC3BA4}.Ad-Hoc|ARM.ActiveCfg = Release|ARM
		{01F62817-1DA0-4972-907F-EEAA04CC3BA4}.Ad-Hoc|ARM.Build.0 = Release|ARM
		{01F62817-1DA0-4972-907F-EEAA04CC3BA4}.Ad-Hoc|ARM.Deploy.0 = Release|ARM
		{01F62817-1DA0-4972-907F-EEAA04CC3BA4}.Ad-Hoc|iPhone.ActiveCfg = Release|x86
		{01F62817-1DA0-4972-907F-EEAA04CC3BA4}.Ad-Hoc|iPhone.Build.0 = Release|x86
		{01F62817-1DA0-4972-907F-EEAA04CC3BA4}.Ad-Hoc|iPhone.Deploy.0 = Release|x86
		{01F62817-1DA0-4972-907F-EEAA04CC3BA4}.Ad-Hoc|iPhoneSimulator.ActiveCfg = Release|x86
		{01F62817-1DA0-4972-907F-EEAA04CC3BA4}.Ad-Hoc|iPhoneSimulator.Build.0 = Release|x86
		{01F62817-1DA0-4972-907F-EEAA04CC3BA4}.Ad-Hoc|iPhoneSimulator.Deploy.0 = Release|x86
		{01F62817-1DA0-4972-907F-EEAA04CC3BA4}.Ad-Hoc|x64.ActiveCfg = Release|x64
		{01F62817-1DA0-4972-907F-EEAA04CC3BA4}.Ad-Hoc|x64.Build.0 = Release|x64
		{01F62817-1DA0-4972-907F-EEAA04CC3BA4}.Ad-Hoc|x64.Deploy.0 = Release|x64
		{01F62817-1DA0-4972-907F-EEAA04CC3BA4}.Ad-Hoc|x86.ActiveCfg = Release|x86
		{01F62817-1DA0-4972-907F-EEAA04CC3BA4}.Ad-Hoc|x86.Build.0 = Release|x86
		{01F62817-1DA0-4972-907F-EEAA04CC3BA4}.Ad-Hoc|x86.Deploy.0 = Release|x86
		{01F62817-1DA0-4972-907F-EEAA04CC3BA4}.AppStore|Any CPU.ActiveCfg = Release|x86
		{01F62817-1DA0-4972-907F-EEAA04CC3BA4}.AppStore|Any CPU.Build.0 = Release|x86
		{01F62817-1DA0-4972-907F-EEAA04CC3BA4}.AppStore|Any CPU.Deploy.0 = Release|x86
		{01F62817-1DA0-4972-907F-EEAA04CC3BA4}.AppStore|ARM.ActiveCfg = Release|ARM
		{01F62817-1DA0-4972-907F-EEAA04CC3BA4}.AppStore|ARM.Build.0 = Release|ARM
		{01F62817-1DA0-4972-907F-EEAA04CC3BA4}.AppStore|ARM.Deploy.0 = Release|ARM
		{01F62817-1DA0-4972-907F-EEAA04CC3BA4}.AppStore|iPhone.ActiveCfg = Release|x86
		{01F62817-1DA0-4972-907F-EEAA04CC3BA4}.AppStore|iPhone.Build.0 = Release|x86
		{01F62817-1DA0-4972-907F-EEAA04CC3BA4}.AppStore|iPhone.Deploy.0 = Release|x86
		{01F62817-1DA0-4972-907F-EEAA04CC3BA4}.AppStore|iPhoneSimulator.ActiveCfg = Release|x86
		{01F62817-1DA0-4972-907F-EEAA04CC3BA4}.AppStore|iPhoneSimulator.Build.0 = Release|x86
		{01F62817-1DA0-4972-907F-EEAA04CC3BA4}.AppStore|iPhoneSimulator.Deploy.0 = Release|x86
		{01F62817-1DA0-4972-907F-EEAA04CC3BA4}.AppStore|x64.ActiveCfg = Release|x64
		{01F62817-1DA0-4972-907F-EEAA04CC3BA4}.AppStore|x64.Build.0 = Release|x64
		{01F62817-1DA0-4972-907F-EEAA04CC3BA4}.AppStore|x64.Deploy.0 = Release|x64
		{01F62817-1DA0-4972-907F-EEAA04CC3BA4}.AppStore|x86.ActiveCfg = Release|x86
		{01F62817-1DA0-4972-907F-EEAA04CC3BA4}.AppStore|x86.Build.0 = Release|x86
		{01F62817-1DA0-4972-907F-EEAA04CC3BA4}.AppStore|x86.Deploy.0 = Release|x86
		{01F62817-1DA0-4972-907F-EEAA04CC3BA4}.Debug|Any CPU.ActiveCfg = Debug|x86
		{01F62817-1DA0-4972-907F-EEAA04CC3BA4}.Debug|ARM.ActiveCfg = Debug|ARM
		{01F62817-1DA0-4972-907F-EEAA04CC3BA4}.Debug|ARM.Build.0 = Debug|ARM
		{01F62817-1DA0-4972-907F-EEAA04CC3BA4}.Debug|ARM.Deploy.0 = Debug|ARM
		{01F62817-1DA0-4972-907F-EEAA04CC3BA4}.Debug|iPhone.ActiveCfg = Debug|x86
		{01F62817-1DA0-4972-907F-EEAA04CC3BA4}.Debug|iPhoneSimulator.ActiveCfg = Debug|x86
		{01F62817-1DA0-4972-907F-EEAA04CC3BA4}.Debug|x64.ActiveCfg = Debug|x64
		{01F62817-1DA0-4972-907F-EEAA04CC3BA4}.Debug|x64.Build.0 = Debug|x64
		{01F62817-1DA0-4972-907F-EEAA04CC3BA4}.Debug|x64.Deploy.0 = Debug|x64
		{01F62817-1DA0-4972-907F-EEAA04CC3BA4}.Debug|x86.ActiveCfg = Debug|x86
		{01F62817-1DA0-4972-907F-EEAA04CC3BA4}.Debug|x86.Build.0 = Debug|x86
		{01F62817-1DA0-4972-907F-EEAA04CC3BA4}.Debug|x86.Deploy.0 = Debug|x86
		{01F62817-1DA0-4972-907F-EEAA04CC3BA4}.Release|Any CPU.ActiveCfg = Release|x86
		{01F62817-1DA0-4972-907F-EEAA04CC3BA4}.Release|ARM.ActiveCfg = Release|ARM
		{01F62817-1DA0-4972-907F-EEAA04CC3BA4}.Release|ARM.Build.0 = Release|ARM
		{01F62817-1DA0-4972-907F-EEAA04CC3BA4}.Release|ARM.Deploy.0 = Release|ARM
		{01F62817-1DA0-4972-907F-EEAA04CC3BA4}.Release|iPhone.ActiveCfg = Release|x86
		{01F62817-1DA0-4972-907F-EEAA04CC3BA4}.Release|iPhoneSimulator.ActiveCfg = Release|x86
		{01F62817-1DA0-4972-907F-EEAA04CC3BA4}.Release|x64.ActiveCfg = Release|x64
		{01F62817-1DA0-4972-907F-EEAA04CC3BA4}.Release|x64.Build.0 = Release|x64
		{01F62817-1DA0-4972-907F-EEAA04CC3BA4}.Release|x64.Deploy.0 = Release|x64
		{01F62817-1DA0-4972-907F-EEAA04CC3BA4}.Release|x86.ActiveCfg = Release|x86
		{01F62817-1DA0-4972-907F-EEAA04CC3BA4}.Release|x86.Build.0 = Release|x86
		{01F62817-1DA0-4972-907F-EEAA04CC3BA4}.Release|x86.Deploy.0 = Release|x86
	EndGlobalSection
	GlobalSection(SolutionProperties) = preSolution
		HideSolutionNode = FALSE
	EndGlobalSection
	GlobalSection(ExtensibilityGlobals) = postSolution
		SolutionGuid = {FDC94A76-D282-43CC-ADCA-A2FAC1D379D9}
	EndGlobalSection
EndGlobal
